
Microsoft Visual Studio Solution File, Format Version 12.00
# Visual Studio Version 17
VisualStudioVersion = 17.0.31903.59
MinimumVisualStudioVersion = 10.0.40219.1
Project("{2150E333-8FDC-42A3-9474-1A3956D46DE8}") = "src", "src", "{827E0CD3-B72D-47B6-A68D-7590B98EB39B}"
EndProject
Project("{FAE04EC0-301F-11D3-BF4B-00C04F79EFBC}") = "ContextMemory.Core", "src\ContextMemory.Core\ContextMemory.Core.csproj", "{0616DBA7-47D8-4DD6-BF3B-D1D431D7A916}"
EndProject
Project("{FAE04EC0-301F-11D3-BF4B-00C04F79EFBC}") = "ContextMemory.Adapters", "src\ContextMemory.Adapters\ContextMemory.Adapters.csproj", "{497844FA-510A-43A3-8D94-939D21A82A7F}"
EndProject
Project("{FAE04EC0-301F-11D3-BF4B-00C04F79EFBC}") = "ContextMemory.Embeddings", "src\ContextMemory.Embeddings\ContextMemory.Embeddings.csproj", "{08CAF3A4-7728-4595-AB5F-698C6D27834D}"
EndProject
Project("{FAE04EC0-301F-11D3-BF4B-00C04F79EFBC}") = "ContextMemory.Api", "src\ContextMemory.Api\ContextMemory.Api.csproj", "{DBCEC536-5147-4C84-9076-50C424F9F691}"
EndProject
Project("{2150E333-8FDC-42A3-9474-1A3956D46DE8}") = "tests", "tests", "{0AB3BF05-4346-4AA6-1389-037BE0695223}"
EndProject
Project("{FAE04EC0-301F-11D3-BF4B-00C04F79EFBC}") = "ContextMemory.Api.Tests", "tests\ContextMemory.Api.Tests\ContextMemory.Api.Tests.csproj", "{6B9805CD-BF5B-4803-AC4C-2CDDCD52F32E}"
EndProject
Global
	GlobalSection(SolutionConfigurationPlatforms) = preSolution
		Debug|Any CPU = Debug|Any CPU
		Debug|x64 = Debug|x64
		Debug|x86 = Debug|x86
		Release|Any CPU = Release|Any CPU
		Release|x64 = Release|x64
		Release|x86 = Release|x86
	EndGlobalSection
	GlobalSection(ProjectConfigurationPlatforms) = postSolution
		{0616DBA7-47D8-4DD6-BF3B-D1D431D7A916}.Debug|Any CPU.ActiveCfg = Debug|Any CPU
		{0616DBA7-47D8-4DD6-BF3B-D1D431D7A916}.Debug|Any CPU.Build.0 = Debug|Any CPU
		{0616DBA7-47D8-4DD6-BF3B-D1D431D7A916}.Debug|x64.ActiveCfg = Debug|Any CPU
		{0616DBA7-47D8-4DD6-BF3B-D1D431D7A916}.Debug|x64.Build.0 = Debug|Any CPU
		{0616DBA7-47D8-4DD6-BF3B-D1D431D7A916}.Debug|x86.ActiveCfg = Debug|Any CPU
		{0616DBA7-47D8-4DD6-BF3B-D1D431D7A916}.Debug|x86.Build.0 = Debug|Any CPU
		{0616DBA7-47D8-4DD6-BF3B-D1D431D7A916}.Release|Any CPU.ActiveCfg = Release|Any CPU
		{0616DBA7-47D8-4DD6-BF3B-D1D431D7A916}.Release|Any CPU.Build.0 = Release|Any CPU
		{0616DBA7-47D8-4DD6-BF3B-D1D431D7A916}.Release|x64.ActiveCfg = Release|Any CPU
		{0616DBA7-47D8-4DD6-BF3B-D1D431D7A916}.Release|x64.Build.0 = Release|Any CPU
		{0616DBA7-47D8-4DD6-BF3B-D1D431D7A916}.Release|x86.ActiveCfg = Release|Any CPU
		{0616DBA7-47D8-4DD6-BF3B-D1D431D7A916}.Release|x86.Build.0 = Release|Any CPU
		{497844FA-510A-43A3-8D94-939D21A82A7F}.Debug|Any CPU.ActiveCfg = Debug|Any CPU
		{497844FA-510A-43A3-8D94-939D21A82A7F}.Debug|Any CPU.Build.0 = Debug|Any CPU
		{497844FA-510A-43A3-8D94-939D21A82A7F}.Debug|x64.ActiveCfg = Debug|Any CPU
		{497844FA-510A-43A3-8D94-939D21A82A7F}.Debug|x64.Build.0 = Debug|Any CPU
		{497844FA-510A-43A3-8D94-939D21A82A7F}.Debug|x86.ActiveCfg = Debug|Any CPU
		{497844FA-510A-43A3-8D94-939D21A82A7F}.Debug|x86.Build.0 = Debug|Any CPU
		{497844FA-510A-43A3-8D94-939D21A82A7F}.Release|Any CPU.ActiveCfg = Release|Any CPU
		{497844FA-510A-43A3-8D94-939D21A82A7F}.Release|Any CPU.Build.0 = Release|Any CPU
		{497844FA-510A-43A3-8D94-939D21A82A7F}.Release|x64.ActiveCfg = Release|Any CPU
		{497844FA-510A-43A3-8D94-939D21A82A7F}.Release|x64.Build.0 = Release|Any CPU
		{497844FA-510A-43A3-8D94-939D21A82A7F}.Release|x86.ActiveCfg = Release|Any CPU
		{497844FA-510A-43A3-8D94-939D21A82A7F}.Release|x86.Build.0 = Release|Any CPU
		{08CAF3A4-7728-4595-AB5F-698C6D27834D}.Debug|Any CPU.ActiveCfg = Debug|Any CPU
		{08CAF3A4-7728-4595-AB5F-698C6D27834D}.Debug|Any CPU.Build.0 = Debug|Any CPU
		{08CAF3A4-7728-4595-AB5F-698C6D27834D}.Debug|x64.ActiveCfg = Debug|Any CPU
		{08CAF3A4-7728-4595-AB5F-698C6D27834D}.Debug|x64.Build.0 = Debug|Any CPU
		{08CAF3A4-7728-4595-AB5F-698C6D27834D}.Debug|x86.ActiveCfg = Debug|Any CPU
		{08CAF3A4-7728-4595-AB5F-698C6D27834D}.Debug|x86.Build.0 = Debug|Any CPU
		{08CAF3A4-7728-4595-AB5F-698C6D27834D}.Release|Any CPU.ActiveCfg = Release|Any CPU
		{08CAF3A4-7728-4595-AB5F-698C6D27834D}.Release|Any CPU.Build.0 = Release|Any CPU
		{08CAF3A4-7728-4595-AB5F-698C6D27834D}.Release|x64.ActiveCfg = Release|Any CPU
		{08CAF3A4-7728-4595-AB5F-698C6D27834D}.Release|x64.Build.0 = Release|Any CPU
		{08CAF3A4-7728-4595-AB5F-698C6D27834D}.Release|x86.ActiveCfg = Release|Any CPU
		{08CAF3A4-7728-4595-AB5F-698C6D27834D}.Release|x86.Build.0 = Release|Any CPU
		{DBCEC536-5147-4C84-9076-50C424F9F691}.Debug|Any CPU.ActiveCfg = Debug|Any CPU
		{DBCEC536-5147-4C84-9076-50C424F9F691}.Debug|Any CPU.Build.0 = Debug|Any CPU
		{DBCEC536-5147-4C84-9076-50C424F9F691}.Debug|x64.ActiveCfg = Debug|Any CPU
		{DBCEC536-5147-4C84-9076-50C424F9F691}.Debug|x64.Build.0 = Debug|Any CPU
		{DBCEC536-5147-4C84-9076-50C424F9F691}.Debug|x86.ActiveCfg = Debug|Any CPU
		{DBCEC536-5147-4C84-9076-50C424F9F691}.Debug|x86.Build.0 = Debug|Any CPU
		{DBCEC536-5147-4C84-9076-50C424F9F691}.Release|Any CPU.ActiveCfg = Release|Any CPU
		{DBCEC536-5147-4C84-9076-50C424F9F691}.Release|Any CPU.Build.0 = Release|Any CPU
		{DBCEC536-5147-4C84-9076-50C424F9F691}.Release|x64.ActiveCfg = Release|Any CPU
		{DBCEC536-5147-4C84-9076-50C424F9F691}.Release|x64.Build.0 = Release|Any CPU
		{DBCEC536-5147-4C84-9076-50C424F9F691}.Release|x86.ActiveCfg = Release|Any CPU
		{DBCEC536-5147-4C84-9076-50C424F9F691}.Release|x86.Build.0 = Release|Any CPU
		{6B9805CD-BF5B-4803-AC4C-2CDDCD52F32E}.Debug|Any CPU.ActiveCfg = Debug|Any CPU
		{6B9805CD-BF5B-4803-AC4C-2CDDCD52F32E}.Debug|Any CPU.Build.0 = Debug|Any CPU
		{6B9805CD-BF5B-4803-AC4C-2CDDCD52F32E}.Debug|x64.ActiveCfg = Debug|Any CPU
		{6B9805CD-BF5B-4803-AC4C-2CDDCD52F32E}.Debug|x64.Build.0 = Debug|Any CPU
		{6B9805CD-BF5B-4803-AC4C-2CDDCD52F32E}.Debug|x86.ActiveCfg = Debug|Any CPU
		{6B9805CD-BF5B-4803-AC4C-2CDDCD52F32E}.Debug|x86.Build.0 = Debug|Any CPU
		{6B9805CD-BF5B-4803-AC4C-2CDDCD52F32E}.Release|Any CPU.ActiveCfg = Release|Any CPU
		{6B9805CD-BF5B-4803-AC4C-2CDDCD52F32E}.Release|Any CPU.Build.0 = Release|Any CPU
		{6B9805CD-BF5B-4803-AC4C-2CDDCD52F32E}.Release|x64.ActiveCfg = Release|Any CPU
		{6B9805CD-BF5B-4803-AC4C-2CDDCD52F32E}.Release|x64.Build.0 = Release|Any CPU
		{6B9805CD-BF5B-4803-AC4C-2CDDCD52F32E}.Release|x86.ActiveCfg = Release|Any CPU
		{6B9805CD-BF5B-4803-AC4C-2CDDCD52F32E}.Release|x86.Build.0 = Release|Any CPU
	EndGlobalSection
	GlobalSection(SolutionProperties) = preSolution
		HideSolutionNode = FALSE
	EndGlobalSection
	GlobalSection(NestedProjects) = preSolution
		{0616DBA7-47D8-4DD6-BF3B-D1D431D7A916} = {827E0CD3-B72D-47B6-A68D-7590B98EB39B}
		{497844FA-510A-43A3-8D94-939D21A82A7F} = {827E0CD3-B72D-47B6-A68D-7590B98EB39B}
		{08CAF3A4-7728-4595-AB5F-698C6D27834D} = {827E0CD3-B72D-47B6-A68D-7590B98EB39B}
		{DBCEC536-5147-4C84-9076-50C424F9F691} = {827E0CD3-B72D-47B6-A68D-7590B98EB39B}
		{6B9805CD-BF5B-4803-AC4C-2CDDCD52F32E} = {0AB3BF05-4346-4AA6-1389-037BE0695223}
	EndGlobalSection
EndGlobal
